
Microsoft Visual Studio Solution File, Format Version 12.00
# Visual Studio 14
VisualStudioVersion = 14.0.25420.1
MinimumVisualStudioVersion = 10.0.40219.1
Project("{FAE04EC0-301F-11D3-BF4B-00C04F79EFBC}") = "TestMVC", "TestMVC\TestMVC.csproj", "{75397E40-0CCE-4160-9758-D6613CA9AA94}"
EndProject
Project("{FAE04EC0-301F-11D3-BF4B-00C04F79EFBC}") = "PruebaApi", "PruebaApi\PruebaApi.csproj", "{8717D4BA-C40A-4AF8-9F4E-D62A6284E105}"
EndProject
Global
	GlobalSection(SolutionConfigurationPlatforms) = preSolution
		Debug|Any CPU = Debug|Any CPU
		Release|Any CPU = Release|Any CPU
	EndGlobalSection
	GlobalSection(ProjectConfigurationPlatforms) = postSolution
		{75397E40-0CCE-4160-9758-D6613CA9AA94}.Debug|Any CPU.ActiveCfg = Debug|Any CPU
		{75397E40-0CCE-4160-9758-D6613CA9AA94}.Debug|Any CPU.Build.0 = Debug|Any CPU
		{75397E40-0CCE-4160-9758-D6613CA9AA94}.Release|Any CPU.ActiveCfg = Release|Any CPU
		{75397E40-0CCE-4160-9758-D6613CA9AA94}.Release|Any CPU.Build.0 = Release|Any CPU
		{8717D4BA-C40A-4AF8-9F4E-D62A6284E105}.Debug|Any CPU.ActiveCfg = Debug|Any CPU
		{8717D4BA-C40A-4AF8-9F4E-D62A6284E105}.Debug|Any CPU.Build.0 = Debug|Any CPU
		{8717D4BA-C40A-4AF8-9F4E-D62A6284E105}.Release|Any CPU.ActiveCfg = Release|Any CPU
		{8717D4BA-C40A-4AF8-9F4E-D62A6284E105}.Release|Any CPU.Build.0 = Release|Any CPU
	EndGlobalSection
	GlobalSection(SolutionProperties) = preSolution
		HideSolutionNode = FALSE
	EndGlobalSection
EndGlobal
